
Microsoft Visual Studio Solution File, Format Version 12.00
# Visual Studio 2013
VisualStudioVersion = 12.0.31101.0
MinimumVisualStudioVersion = 10.0.40219.1
Project("{FAE04EC0-301F-11D3-BF4B-00C04F79EFBC}") = "LoticLight.Web", "LoticLight.Web\LoticLight.Web.csproj", "{756FFB85-218F-4BFA-B06B-43EF6D1E3BC2}"
EndProject
Project("{2150E333-8FDC-42A3-9474-1A3956D46DE8}") = "00Utility", "00Utility", "{2AD9EE78-8189-4809-BE1C-B6CC95BE5C22}"
EndProject
Project("{2150E333-8FDC-42A3-9474-1A3956D46DE8}") = "01Repository", "01Repository", "{B2AEBA5C-ED11-4525-95CC-C4D506BFA16E}"
EndProject
Project("{FAE04EC0-301F-11D3-BF4B-00C04F79EFBC}") = "LoticLight.Model", "LoticLight.Model\LoticLight.Model.csproj", "{FB8D5D18-5D3C-4EEF-804B-FE74F29E99DC}"
EndProject
Project("{FAE04EC0-301F-11D3-BF4B-00C04F79EFBC}") = "LoticLight.Repository", "LoticLight.Repository\LoticLight.Repository.csproj", "{535897EA-EEFE-4F74-9D5E-AFB3572E26E6}"
EndProject
Project("{FAE04EC0-301F-11D3-BF4B-00C04F79EFBC}") = "LoticLight.Utility", "LoticLight.Utility\LoticLight.Utility.csproj", "{FC0F1A2D-0370-4745-92FE-ACA419351C5E}"
EndProject
Project("{2150E333-8FDC-42A3-9474-1A3956D46DE8}") = "03Business", "03Business", "{83973BA7-F08E-4C8D-8CD5-DDFA6BF707D8}"
EndProject
Project("{FAE04EC0-301F-11D3-BF4B-00C04F79EFBC}") = "LoticLight.Business", "LoticLight.Business\LoticLight.Business.csproj", "{516A060F-00F2-479F-9F34-AC4E7D470AE5}"
EndProject
Project("{2150E333-8FDC-42A3-9474-1A3956D46DE8}") = "UnitTest", "UnitTest", "{8B52D69F-35D6-403E-B266-BA427A776094}"
EndProject
Project("{2150E333-8FDC-42A3-9474-1A3956D46DE8}") = "04Application", "04Application", "{A104F30D-1E3E-4E74-8250-46B0287858B8}"
EndProject
Project("{FAE04EC0-301F-11D3-BF4B-00C04F79EFBC}") = "LoticLight.Test", "LoticLight.Test\LoticLight.Test.csproj", "{9233CC5C-0636-4AEE-A76E-6E13D6C49D02}"
EndProject
Project("{FAE04EC0-301F-11D3-BF4B-00C04F79EFBC}") = "LoticLight.Session", "LoticLight.Session\LoticLight.Session.csproj", "{166FAF6C-43A4-4272-B033-A9013CD33F5C}"
EndProject
Project("{FAE04EC0-301F-11D3-BF4B-00C04F79EFBC}") = "ConsoleTest", "ConsoleTest\ConsoleTest.csproj", "{9497FB7E-6343-482A-BC10-14BBE01F10E1}"
EndProject
Project("{FAE04EC0-301F-11D3-BF4B-00C04F79EFBC}") = "LoticLight.Log", "LoticLight.Log\LoticLight.Log.csproj", "{1EB9D568-6187-46CE-BE06-E7A7BD1996C0}"
EndProject
Global
	GlobalSection(SolutionConfigurationPlatforms) = preSolution
		Debug|Any CPU = Debug|Any CPU
		Release|Any CPU = Release|Any CPU
	EndGlobalSection
	GlobalSection(ProjectConfigurationPlatforms) = postSolution
		{756FFB85-218F-4BFA-B06B-43EF6D1E3BC2}.Debug|Any CPU.ActiveCfg = Debug|Any CPU
		{756FFB85-218F-4BFA-B06B-43EF6D1E3BC2}.Debug|Any CPU.Build.0 = Debug|Any CPU
		{756FFB85-218F-4BFA-B06B-43EF6D1E3BC2}.Release|Any CPU.ActiveCfg = Release|Any CPU
		{756FFB85-218F-4BFA-B06B-43EF6D1E3BC2}.Release|Any CPU.Build.0 = Release|Any CPU
		{FB8D5D18-5D3C-4EEF-804B-FE74F29E99DC}.Debug|Any CPU.ActiveCfg = Debug|Any CPU
		{FB8D5D18-5D3C-4EEF-804B-FE74F29E99DC}.Debug|Any CPU.Build.0 = Debug|Any CPU
		{FB8D5D18-5D3C-4EEF-804B-FE74F29E99DC}.Release|Any CPU.ActiveCfg = Release|Any CPU
		{FB8D5D18-5D3C-4EEF-804B-FE74F29E99DC}.Release|Any CPU.Build.0 = Release|Any CPU
		{535897EA-EEFE-4F74-9D5E-AFB3572E26E6}.Debug|Any CPU.ActiveCfg = Debug|Any CPU
		{535897EA-EEFE-4F74-9D5E-AFB3572E26E6}.Debug|Any CPU.Build.0 = Debug|Any CPU
		{535897EA-EEFE-4F74-9D5E-AFB3572E26E6}.Release|Any CPU.ActiveCfg = Release|Any CPU
		{535897EA-EEFE-4F74-9D5E-AFB3572E26E6}.Release|Any CPU.Build.0 = Release|Any CPU
		{FC0F1A2D-0370-4745-92FE-ACA419351C5E}.Debug|Any CPU.ActiveCfg = Debug|Any CPU
		{FC0F1A2D-0370-4745-92FE-ACA419351C5E}.Debug|Any CPU.Build.0 = Debug|Any CPU
		{FC0F1A2D-0370-4745-92FE-ACA419351C5E}.Release|Any CPU.ActiveCfg = Release|Any CPU
		{FC0F1A2D-0370-4745-92FE-ACA419351C5E}.Release|Any CPU.Build.0 = Release|Any CPU
		{516A060F-00F2-479F-9F34-AC4E7D470AE5}.Debug|Any CPU.ActiveCfg = Debug|Any CPU
		{516A060F-00F2-479F-9F34-AC4E7D470AE5}.Debug|Any CPU.Build.0 = Debug|Any CPU
		{516A060F-00F2-479F-9F34-AC4E7D470AE5}.Release|Any CPU.ActiveCfg = Release|Any CPU
		{516A060F-00F2-479F-9F34-AC4E7D470AE5}.Release|Any CPU.Build.0 = Release|Any CPU
		{9233CC5C-0636-4AEE-A76E-6E13D6C49D02}.Debug|Any CPU.ActiveCfg = Debug|Any CPU
		{9233CC5C-0636-4AEE-A76E-6E13D6C49D02}.Debug|Any CPU.Build.0 = Debug|Any CPU
		{9233CC5C-0636-4AEE-A76E-6E13D6C49D02}.Release|Any CPU.ActiveCfg = Release|Any CPU
		{9233CC5C-0636-4AEE-A76E-6E13D6C49D02}.Release|Any CPU.Build.0 = Release|Any CPU
		{166FAF6C-43A4-4272-B033-A9013CD33F5C}.Debug|Any CPU.ActiveCfg = Debug|Any CPU
		{166FAF6C-43A4-4272-B033-A9013CD33F5C}.Debug|Any CPU.Build.0 = Debug|Any CPU
		{166FAF6C-43A4-4272-B033-A9013CD33F5C}.Release|Any CPU.ActiveCfg = Release|Any CPU
		{166FAF6C-43A4-4272-B033-A9013CD33F5C}.Release|Any CPU.Build.0 = Release|Any CPU
		{9497FB7E-6343-482A-BC10-14BBE01F10E1}.Debug|Any CPU.ActiveCfg = Debug|Any CPU
		{9497FB7E-6343-482A-BC10-14BBE01F10E1}.Debug|Any CPU.Build.0 = Debug|Any CPU
		{9497FB7E-6343-482A-BC10-14BBE01F10E1}.Release|Any CPU.ActiveCfg = Release|Any CPU
		{9497FB7E-6343-482A-BC10-14BBE01F10E1}.Release|Any CPU.Build.0 = Release|Any CPU
		{1EB9D568-6187-46CE-BE06-E7A7BD1996C0}.Debug|Any CPU.ActiveCfg = Debug|Any CPU
		{1EB9D568-6187-46CE-BE06-E7A7BD1996C0}.Debug|Any CPU.Build.0 = Debug|Any CPU
		{1EB9D568-6187-46CE-BE06-E7A7BD1996C0}.Release|Any CPU.ActiveCfg = Release|Any CPU
		{1EB9D568-6187-46CE-BE06-E7A7BD1996C0}.Release|Any CPU.Build.0 = Release|Any CPU
	EndGlobalSection
	GlobalSection(SolutionProperties) = preSolution
		HideSolutionNode = FALSE
	EndGlobalSection
	GlobalSection(NestedProjects) = preSolution
		{756FFB85-218F-4BFA-B06B-43EF6D1E3BC2} = {A104F30D-1E3E-4E74-8250-46B0287858B8}
		{FB8D5D18-5D3C-4EEF-804B-FE74F29E99DC} = {B2AEBA5C-ED11-4525-95CC-C4D506BFA16E}
		{535897EA-EEFE-4F74-9D5E-AFB3572E26E6} = {B2AEBA5C-ED11-4525-95CC-C4D506BFA16E}
		{FC0F1A2D-0370-4745-92FE-ACA419351C5E} = {2AD9EE78-8189-4809-BE1C-B6CC95BE5C22}
		{516A060F-00F2-479F-9F34-AC4E7D470AE5} = {83973BA7-F08E-4C8D-8CD5-DDFA6BF707D8}
		{9233CC5C-0636-4AEE-A76E-6E13D6C49D02} = {8B52D69F-35D6-403E-B266-BA427A776094}
		{166FAF6C-43A4-4272-B033-A9013CD33F5C} = {2AD9EE78-8189-4809-BE1C-B6CC95BE5C22}
		{9497FB7E-6343-482A-BC10-14BBE01F10E1} = {8B52D69F-35D6-403E-B266-BA427A776094}
		{1EB9D568-6187-46CE-BE06-E7A7BD1996C0} = {2AD9EE78-8189-4809-BE1C-B6CC95BE5C22}
	EndGlobalSection
EndGlobal
